
Microsoft Visual Studio Solution File, Format Version 11.00
# Visual Studio 2010
# SharpDevelop 4.4
Project("{FAE04EC0-301F-11D3-BF4B-00C04F79EFBC}") = "ExpressionParser", "ExpressionParser\ExpressionParser.csproj", "{15E6F170-9B7E-4F3C-8B81-A6E12E3C70CF}"
EndProject
Global
	GlobalSection(SolutionConfigurationPlatforms) = preSolution
		Debug|Any CPU = Debug|Any CPU
		Release|Any CPU = Release|Any CPU
	EndGlobalSection
	GlobalSection(ProjectConfigurationPlatforms) = postSolution
		{15E6F170-9B7E-4F3C-8B81-A6E12E3C70CF}.Debug|Any CPU.Build.0 = Debug|Any CPU
		{15E6F170-9B7E-4F3C-8B81-A6E12E3C70CF}.Debug|Any CPU.ActiveCfg = Debug|Any CPU
		{15E6F170-9B7E-4F3C-8B81-A6E12E3C70CF}.Release|Any CPU.Build.0 = Release|Any CPU
		{15E6F170-9B7E-4F3C-8B81-A6E12E3C70CF}.Release|Any CPU.ActiveCfg = Release|Any CPU
	EndGlobalSection
EndGlobal
